
Microsoft Visual Studio Solution File, Format Version 12.00
# Visual Studio Version 17
VisualStudioVersion = 17.11.35303.130
MinimumVisualStudioVersion = 10.0.40219.1
Project("{2150E333-8FDC-42A3-9474-1A3956D46DE8}") = "Task0", "Task0", "{A7DE5C95-A22B-4B06-B1C9-58724AA85F79}"
EndProject
Project("{9A19103F-16F7-4668-BE54-9A1E7A4F7556}") = "Tyuiu.AbramushkinAN.Sprint2.Task0.V1", "Tyuiu.AbramushkinAN.Sprint2.Task0.V1\Tyuiu.AbramushkinAN.Sprint2.Task0.V1.csproj", "{227C8E5A-8982-4DE0-ACCF-5B435E04B203}"
EndProject
Project("{9A19103F-16F7-4668-BE54-9A1E7A4F7556}") = "Tyuiu.AbramushkinAN.Sprint2.Task0.V1.Lib", "Tyuiu.AbramushkinAN.Sprint2.Task0.V1.Lib\Tyuiu.AbramushkinAN.Sprint2.Task0.V1.Lib.csproj", "{59480F47-5FBF-42FC-B1E5-E193B0A61CCB}"
EndProject
Project("{9A19103F-16F7-4668-BE54-9A1E7A4F7556}") = "Tyuiu.AbramushkinAN.Sprint2.Task0.V1.Test", "Tyuiu.AbramushkinAN.Sprint2.Task0.V1.Test\Tyuiu.AbramushkinAN.Sprint2.Task0.V1.Test.csproj", "{A03ADFF8-55EE-484D-8A62-2E44C0806937}"
EndProject
Project("{2150E333-8FDC-42A3-9474-1A3956D46DE8}") = "Task1", "Task1", "{70F311D4-E095-432B-A864-468FED5B1361}"
EndProject
Project("{9A19103F-16F7-4668-BE54-9A1E7A4F7556}") = "Tyuiu.AbramushkinAN.Sprint2.Task1.V9", "Tyuiu.AbramushkinAN.Sprint2.Task1.V9\Tyuiu.AbramushkinAN.Sprint2.Task1.V9.csproj", "{13A30794-A933-4BA9-822F-00E8DC2747C9}"
EndProject
Project("{9A19103F-16F7-4668-BE54-9A1E7A4F7556}") = "Tyuiu.AbramushkinAN.Sprint2.Task1.V9.Test", "Tyuiu.AbramushkinAN.Sprint2.Task1.V9.Test\Tyuiu.AbramushkinAN.Sprint2.Task1.V9.Test.csproj", "{5178C6ED-E883-441B-8569-87EFD79447D9}"
EndProject
Project("{9A19103F-16F7-4668-BE54-9A1E7A4F7556}") = "Tyuiu.AbramushkinAN.Sprint2.Task1.V9.Lib", "Tyuiu.AbramushkinAN.Sprint2.Task1.V9.Lib\Tyuiu.AbramushkinAN.Sprint2.Task1.V9.Lib.csproj", "{5F6EF1E1-CD8D-40B2-8B32-AEB7FD57169A}"
EndProject
Project("{2150E333-8FDC-42A3-9474-1A3956D46DE8}") = "Task2", "Task2", "{46447F7F-DE9F-4F84-9D44-9E3A9EC01FF2}"
EndProject
Project("{9A19103F-16F7-4668-BE54-9A1E7A4F7556}") = "Tyuiu.AbramushkinAN.Sprint2.Task2.V7.Lib", "Tyuiu.AbramushkinAN.Sprint2.Task2.V7.Lib\Tyuiu.AbramushkinAN.Sprint2.Task2.V7.Lib.csproj", "{FD6C5A01-B34F-45C9-8FFC-50976DFD213E}"
EndProject
Project("{9A19103F-16F7-4668-BE54-9A1E7A4F7556}") = "Tyuiu.AbramushkinAN.Sprint2.Task2.V7", "Tyuiu.AbramushkinAN.Sprint2.Task2.V7\Tyuiu.AbramushkinAN.Sprint2.Task2.V7.csproj", "{19CC0381-073D-4B88-8000-73AC950EFBD9}"
EndProject
Project("{9A19103F-16F7-4668-BE54-9A1E7A4F7556}") = "Tyuiu.AbramushkinAN.Sprint2.Task2.V7.Test", "Tyuiu.AbramushkinAN.Sprint2.Task2.V7.Test\Tyuiu.AbramushkinAN.Sprint2.Task2.V7.Test.csproj", "{61A91DA3-B6FE-4DE8-AB8F-C96C1EF723B1}"
EndProject
Project("{2150E333-8FDC-42A3-9474-1A3956D46DE8}") = "Task3", "Task3", "{E67B7169-ED58-42D9-BB2A-C635E2130F0B}"
EndProject
Project("{FAE04EC0-301F-11D3-BF4B-00C04F79EFBC}") = "Tyuiu.AbramushkinAN.Sprint2.Task3.V29", "Tyuiu.AbramushkinAN.Sprint2.Task3.V29\Tyuiu.AbramushkinAN.Sprint2.Task3.V29.csproj", "{AE0B3989-C080-44E5-9227-A3487DF53479}"
EndProject
Project("{FAE04EC0-301F-11D3-BF4B-00C04F79EFBC}") = "Tyuiu.AbramushkinAN.Sprint2.Task3.V29.Test", "Tyuiu.AbramushkinAN.Sprint2.Task3.V29.Test\Tyuiu.AbramushkinAN.Sprint2.Task3.V29.Test.csproj", "{80059FC2-B742-415F-9EE5-9D29B27EDC00}"
EndProject
Project("{FAE04EC0-301F-11D3-BF4B-00C04F79EFBC}") = "Tyuiu.AbramushkinAN.Sprint2.Task3.V29.Lib", "Tyuiu.AbramushkinAN.Sprint2.Task3.V29.Lib\Tyuiu.AbramushkinAN.Sprint2.Task3.V29.Lib.csproj", "{D540C9A0-80AE-4D13-A818-645E0E87CC8C}"
EndProject
Project("{2150E333-8FDC-42A3-9474-1A3956D46DE8}") = "Task4", "Task4", "{D7231FFB-D429-468A-944F-04DD777BAE26}"
EndProject
Project("{FAE04EC0-301F-11D3-BF4B-00C04F79EFBC}") = "Tyuiu.AbramushkinAN.Sprint2.Task4.V20", "Tyuiu.AbramushkinAN.Sprint2.Task4.V20\Tyuiu.AbramushkinAN.Sprint2.Task4.V20.csproj", "{1DA4688E-BB5E-4B36-A16A-B71D3FE53A12}"
EndProject
Project("{FAE04EC0-301F-11D3-BF4B-00C04F79EFBC}") = "Tyuiu.AbramushkinAN.Sprint2.Task4.V20.Lib", "Tyuiu.AbramushkinAN.Sprint2.Task4.V20.Lib\Tyuiu.AbramushkinAN.Sprint2.Task4.V20.Lib.csproj", "{0E23D45B-1510-4DD9-BFBA-BB220FCD5761}"
EndProject
Project("{FAE04EC0-301F-11D3-BF4B-00C04F79EFBC}") = "Tyuiu.AbramushkinAN.Sprint2.Task4.V20.Test", "Tyuiu.AbramushkinAN.Sprint2.Task4.V20.Test\Tyuiu.AbramushkinAN.Sprint2.Task4.V20.Test.csproj", "{3EEE12ED-4D8D-4806-88D7-2E44B27F28C7}"
EndProject
Global
	GlobalSection(SolutionConfigurationPlatforms) = preSolution
		Debug|Any CPU = Debug|Any CPU
		Release|Any CPU = Release|Any CPU
	EndGlobalSection
	GlobalSection(ProjectConfigurationPlatforms) = postSolution
		{227C8E5A-8982-4DE0-ACCF-5B435E04B203}.Debug|Any CPU.ActiveCfg = Debug|Any CPU
		{227C8E5A-8982-4DE0-ACCF-5B435E04B203}.Debug|Any CPU.Build.0 = Debug|Any CPU
		{227C8E5A-8982-4DE0-ACCF-5B435E04B203}.Release|Any CPU.ActiveCfg = Release|Any CPU
		{227C8E5A-8982-4DE0-ACCF-5B435E04B203}.Release|Any CPU.Build.0 = Release|Any CPU
		{59480F47-5FBF-42FC-B1E5-E193B0A61CCB}.Debug|Any CPU.ActiveCfg = Debug|Any CPU
		{59480F47-5FBF-42FC-B1E5-E193B0A61CCB}.Debug|Any CPU.Build.0 = Debug|Any CPU
		{59480F47-5FBF-42FC-B1E5-E193B0A61CCB}.Release|Any CPU.ActiveCfg = Release|Any CPU
		{59480F47-5FBF-42FC-B1E5-E193B0A61CCB}.Release|Any CPU.Build.0 = Release|Any CPU
		{A03ADFF8-55EE-484D-8A62-2E44C0806937}.Debug|Any CPU.ActiveCfg = Debug|Any CPU
		{A03ADFF8-55EE-484D-8A62-2E44C0806937}.Debug|Any CPU.Build.0 = Debug|Any CPU
		{A03ADFF8-55EE-484D-8A62-2E44C0806937}.Release|Any CPU.ActiveCfg = Release|Any CPU
		{A03ADFF8-55EE-484D-8A62-2E44C0806937}.Release|Any CPU.Build.0 = Release|Any CPU
		{13A30794-A933-4BA9-822F-00E8DC2747C9}.Debug|Any CPU.ActiveCfg = Debug|Any CPU
		{13A30794-A933-4BA9-822F-00E8DC2747C9}.Debug|Any CPU.Build.0 = Debug|Any CPU
		{13A30794-A933-4BA9-822F-00E8DC2747C9}.Release|Any CPU.ActiveCfg = Release|Any CPU
		{13A30794-A933-4BA9-822F-00E8DC2747C9}.Release|Any CPU.Build.0 = Release|Any CPU
		{5178C6ED-E883-441B-8569-87EFD79447D9}.Debug|Any CPU.ActiveCfg = Debug|Any CPU
		{5178C6ED-E883-441B-8569-87EFD79447D9}.Debug|Any CPU.Build.0 = Debug|Any CPU
		{5178C6ED-E883-441B-8569-87EFD79447D9}.Release|Any CPU.ActiveCfg = Release|Any CPU
		{5178C6ED-E883-441B-8569-87EFD79447D9}.Release|Any CPU.Build.0 = Release|Any CPU
		{5F6EF1E1-CD8D-40B2-8B32-AEB7FD57169A}.Debug|Any CPU.ActiveCfg = Debug|Any CPU
		{5F6EF1E1-CD8D-40B2-8B32-AEB7FD57169A}.Debug|Any CPU.Build.0 = Debug|Any CPU
		{5F6EF1E1-CD8D-40B2-8B32-AEB7FD57169A}.Release|Any CPU.ActiveCfg = Release|Any CPU
		{5F6EF1E1-CD8D-40B2-8B32-AEB7FD57169A}.Release|Any CPU.Build.0 = Release|Any CPU
		{FD6C5A01-B34F-45C9-8FFC-50976DFD213E}.Debug|Any CPU.ActiveCfg = Debug|Any CPU
		{FD6C5A01-B34F-45C9-8FFC-50976DFD213E}.Debug|Any CPU.Build.0 = Debug|Any CPU
		{FD6C5A01-B34F-45C9-8FFC-50976DFD213E}.Release|Any CPU.ActiveCfg = Release|Any CPU
		{FD6C5A01-B34F-45C9-8FFC-50976DFD213E}.Release|Any CPU.Build.0 = Release|Any CPU
		{19CC0381-073D-4B88-8000-73AC950EFBD9}.Debug|Any CPU.ActiveCfg = Debug|Any CPU
		{19CC0381-073D-4B88-8000-73AC950EFBD9}.Debug|Any CPU.Build.0 = Debug|Any CPU
		{19CC0381-073D-4B88-8000-73AC950EFBD9}.Release|Any CPU.ActiveCfg = Release|Any CPU
		{19CC0381-073D-4B88-8000-73AC950EFBD9}.Release|Any CPU.Build.0 = Release|Any CPU
		{61A91DA3-B6FE-4DE8-AB8F-C96C1EF723B1}.Debug|Any CPU.ActiveCfg = Debug|Any CPU
		{61A91DA3-B6FE-4DE8-AB8F-C96C1EF723B1}.Debug|Any CPU.Build.0 = Debug|Any CPU
		{61A91DA3-B6FE-4DE8-AB8F-C96C1EF723B1}.Release|Any CPU.ActiveCfg = Release|Any CPU
		{61A91DA3-B6FE-4DE8-AB8F-C96C1EF723B1}.Release|Any CPU.Build.0 = Release|Any CPU
		{AE0B3989-C080-44E5-9227-A3487DF53479}.Debug|Any CPU.ActiveCfg = Debug|Any CPU
		{AE0B3989-C080-44E5-9227-A3487DF53479}.Debug|Any CPU.Build.0 = Debug|Any CPU
		{AE0B3989-C080-44E5-9227-A3487DF53479}.Release|Any CPU.ActiveCfg = Release|Any CPU
		{AE0B3989-C080-44E5-9227-A3487DF53479}.Release|Any CPU.Build.0 = Release|Any CPU
		{80059FC2-B742-415F-9EE5-9D29B27EDC00}.Debug|Any CPU.ActiveCfg = Debug|Any CPU
		{80059FC2-B742-415F-9EE5-9D29B27EDC00}.Debug|Any CPU.Build.0 = Debug|Any CPU
		{80059FC2-B742-415F-9EE5-9D29B27EDC00}.Release|Any CPU.ActiveCfg = Release|Any CPU
		{80059FC2-B742-415F-9EE5-9D29B27EDC00}.Release|Any CPU.Build.0 = Release|Any CPU
		{D540C9A0-80AE-4D13-A818-645E0E87CC8C}.Debug|Any CPU.ActiveCfg = Debug|Any CPU
		{D540C9A0-80AE-4D13-A818-645E0E87CC8C}.Debug|Any CPU.Build.0 = Debug|Any CPU
		{D540C9A0-80AE-4D13-A818-645E0E87CC8C}.Release|Any CPU.ActiveCfg = Release|Any CPU
		{D540C9A0-80AE-4D13-A818-645E0E87CC8C}.Release|Any CPU.Build.0 = Release|Any CPU
		{1DA4688E-BB5E-4B36-A16A-B71D3FE53A12}.Debug|Any CPU.ActiveCfg = Debug|Any CPU
		{1DA4688E-BB5E-4B36-A16A-B71D3FE53A12}.Debug|Any CPU.Build.0 = Debug|Any CPU
		{1DA4688E-BB5E-4B36-A16A-B71D3FE53A12}.Release|Any CPU.ActiveCfg = Release|Any CPU
		{1DA4688E-BB5E-4B36-A16A-B71D3FE53A12}.Release|Any CPU.Build.0 = Release|Any CPU
		{0E23D45B-1510-4DD9-BFBA-BB220FCD5761}.Debug|Any CPU.ActiveCfg = Debug|Any CPU
		{0E23D45B-1510-4DD9-BFBA-BB220FCD5761}.Debug|Any CPU.Build.0 = Debug|Any CPU
		{0E23D45B-1510-4DD9-BFBA-BB220FCD5761}.Release|Any CPU.ActiveCfg = Release|Any CPU
		{0E23D45B-1510-4DD9-BFBA-BB220FCD5761}.Release|Any CPU.Build.0 = Release|Any CPU
		{3EEE12ED-4D8D-4806-88D7-2E44B27F28C7}.Debug|Any CPU.ActiveCfg = Debug|Any CPU
		{3EEE12ED-4D8D-4806-88D7-2E44B27F28C7}.Debug|Any CPU.Build.0 = Debug|Any CPU
		{3EEE12ED-4D8D-4806-88D7-2E44B27F28C7}.Release|Any CPU.ActiveCfg = Release|Any CPU
		{3EEE12ED-4D8D-4806-88D7-2E44B27F28C7}.Release|Any CPU.Build.0 = Release|Any CPU
	EndGlobalSection
	GlobalSection(SolutionProperties) = preSolution
		HideSolutionNode = FALSE
	EndGlobalSection
	GlobalSection(NestedProjects) = preSolution
		{227C8E5A-8982-4DE0-ACCF-5B435E04B203} = {A7DE5C95-A22B-4B06-B1C9-58724AA85F79}
		{59480F47-5FBF-42FC-B1E5-E193B0A61CCB} = {A7DE5C95-A22B-4B06-B1C9-58724AA85F79}
		{A03ADFF8-55EE-484D-8A62-2E44C0806937} = {A7DE5C95-A22B-4B06-B1C9-58724AA85F79}
		{13A30794-A933-4BA9-822F-00E8DC2747C9} = {70F311D4-E095-432B-A864-468FED5B1361}
		{5178C6ED-E883-441B-8569-87EFD79447D9} = {70F311D4-E095-432B-A864-468FED5B1361}
		{5F6EF1E1-CD8D-40B2-8B32-AEB7FD57169A} = {70F311D4-E095-432B-A864-468FED5B1361}
		{FD6C5A01-B34F-45C9-8FFC-50976DFD213E} = {46447F7F-DE9F-4F84-9D44-9E3A9EC01FF2}
		{19CC0381-073D-4B88-8000-73AC950EFBD9} = {46447F7F-DE9F-4F84-9D44-9E3A9EC01FF2}
		{61A91DA3-B6FE-4DE8-AB8F-C96C1EF723B1} = {46447F7F-DE9F-4F84-9D44-9E3A9EC01FF2}
		{AE0B3989-C080-44E5-9227-A3487DF53479} = {E67B7169-ED58-42D9-BB2A-C635E2130F0B}
		{80059FC2-B742-415F-9EE5-9D29B27EDC00} = {E67B7169-ED58-42D9-BB2A-C635E2130F0B}
		{D540C9A0-80AE-4D13-A818-645E0E87CC8C} = {E67B7169-ED58-42D9-BB2A-C635E2130F0B}
		{1DA4688E-BB5E-4B36-A16A-B71D3FE53A12} = {D7231FFB-D429-468A-944F-04DD777BAE26}
		{0E23D45B-1510-4DD9-BFBA-BB220FCD5761} = {D7231FFB-D429-468A-944F-04DD777BAE26}
		{3EEE12ED-4D8D-4806-88D7-2E44B27F28C7} = {D7231FFB-D429-468A-944F-04DD777BAE26}
	EndGlobalSection
	GlobalSection(ExtensibilityGlobals) = postSolution
		SolutionGuid = {89E1A206-5D5F-4C20-A227-410EA32F77F9}
	EndGlobalSection
EndGlobal
